
Microsoft Visual Studio Solution File, Format Version 12.00
# Visual Studio Version 17
VisualStudioVersion = 17.14.36310.24 d17.14
MinimumVisualStudioVersion = 10.0.40219.1
Project("{FAE04EC0-301F-11D3-BF4B-00C04F79EFBC}") = "QuickBite _Food_Ordering_System", "QuickBite _Food_Ordering_System.csproj", "{D52C2980-8AC7-484A-A21D-A860B6232C70}"
EndProject
Global
	GlobalSection(SolutionConfigurationPlatforms) = preSolution
		Debug|Any CPU = Debug|Any CPU
		Release|Any CPU = Release|Any CPU
	EndGlobalSection
	GlobalSection(ProjectConfigurationPlatforms) = postSolution
		{D52C2980-8AC7-484A-A21D-A860B6232C70}.Debug|Any CPU.ActiveCfg = Debug|Any CPU
		{D52C2980-8AC7-484A-A21D-A860B6232C70}.Debug|Any CPU.Build.0 = Debug|Any CPU
		{D52C2980-8AC7-484A-A21D-A860B6232C70}.Release|Any CPU.ActiveCfg = Release|Any CPU
		{D52C2980-8AC7-484A-A21D-A860B6232C70}.Release|Any CPU.Build.0 = Release|Any CPU
	EndGlobalSection
	GlobalSection(SolutionProperties) = preSolution
		HideSolutionNode = FALSE
	EndGlobalSection
	GlobalSection(ExtensibilityGlobals) = postSolution
		SolutionGuid = {DB2C28D3-AD3A-493B-B464-58925B8FF922}
	EndGlobalSection
EndGlobal
